
Microsoft Visual Studio Solution File, Format Version 12.00
# Visual Studio Version 17
VisualStudioVersion = 17.0.32014.148
MinimumVisualStudioVersion = 10.0.40219.1
Project("{FAE04EC0-301F-11D3-BF4B-00C04F79EFBC}") = "BakerProject", "BakerProject\BakerProject.csproj", "{D2978A22-B0FD-49D3-AE16-4E84BF0566D9}"
EndProject
Global
	GlobalSection(SolutionConfigurationPlatforms) = preSolution
		Debug|Any CPU = Debug|Any CPU
		Release|Any CPU = Release|Any CPU
	EndGlobalSection
	GlobalSection(ProjectConfigurationPlatforms) = postSolution
		{D2978A22-B0FD-49D3-AE16-4E84BF0566D9}.Debug|Any CPU.ActiveCfg = Debug|Any CPU
		{D2978A22-B0FD-49D3-AE16-4E84BF0566D9}.Debug|Any CPU.Build.0 = Debug|Any CPU
		{D2978A22-B0FD-49D3-AE16-4E84BF0566D9}.Release|Any CPU.ActiveCfg = Release|Any CPU
		{D2978A22-B0FD-49D3-AE16-4E84BF0566D9}.Release|Any CPU.Build.0 = Release|Any CPU
	EndGlobalSection
	GlobalSection(SolutionProperties) = preSolution
		HideSolutionNode = FALSE
	EndGlobalSection
	GlobalSection(ExtensibilityGlobals) = postSolution
		SolutionGuid = {0442A2CB-1841-49FE-BF97-CF8941EBD87E}
	EndGlobalSection
EndGlobal
